// !$*UTF8*$!
{
	archiveVersion = 1;
	classes = {
	};
	objectVersion = 50;
	objects = {

/* Begin PBXBuildFile section */
		38F011672487BB0400E983BE /* AppDelegate.swift in Sources */ = {isa = PBXBuildFile; fileRef = 38F011662487BB0400E983BE /* AppDelegate.swift */; };
		38F011692487BB0400E983BE /* SceneDelegate.swift in Sources */ = {isa = PBXBuildFile; fileRef = 38F011682487BB0400E983BE /* SceneDelegate.swift */; };
		38F0116D2487BB0900E983BE /* Assets.xcassets in Resources */ = {isa = PBXBuildFile; fileRef = 38F0116C2487BB0900E983BE /* Assets.xcassets */; };
		38F011702487BB0900E983BE /* Preview Assets.xcassets in Resources */ = {isa = PBXBuildFile; fileRef = 38F0116F2487BB0900E983BE /* Preview Assets.xcassets */; };
		38F011732487BB0900E983BE /* LaunchScreen.storyboard in Resources */ = {isa = PBXBuildFile; fileRef = 38F011712487BB0900E983BE /* LaunchScreen.storyboard */; };
		38F0117D2487BB3700E983BE /* Grid.swift in Sources */ = {isa = PBXBuildFile; fileRef = 38F0117C2487BB3700E983BE /* Grid.swift */; };
		38F0117F2487BB5500E983BE /* GridLayout.swift in Sources */ = {isa = PBXBuildFile; fileRef = 38F0117E2487BB5500E983BE /* GridLayout.swift */; };
		38F011812487BB8F00E983BE /* Model.swift in Sources */ = {isa = PBXBuildFile; fileRef = 38F011802487BB8F00E983BE /* Model.swift */; };
		38F011832487BBA500E983BE /* ViewModel.swift in Sources */ = {isa = PBXBuildFile; fileRef = 38F011822487BBA500E983BE /* ViewModel.swift */; };
		38F011852487BBC100E983BE /* Array+Only.swift in Sources */ = {isa = PBXBuildFile; fileRef = 38F011842487BBC100E983BE /* Array+Only.swift */; };
		38F011872487BBDB00E983BE /* Array+Identifiable.swift in Sources */ = {isa = PBXBuildFile; fileRef = 38F011862487BBDB00E983BE /* Array+Identifiable.swift */; };
		38F011892487BCC700E983BE /* GameView.swift in Sources */ = {isa = PBXBuildFile; fileRef = 38F011882487BCC700E983BE /* GameView.swift */; };
/* End PBXBuildFile section */

/* Begin PBXFileReference section */
		38F011632487BB0400E983BE /* emojimatcher.app */ = {isa = PBXFileReference; explicitFileType = wrapper.application; includeInIndex = 0; path = emojimatcher.app; sourceTree = BUILT_PRODUCTS_DIR; };
		38F011662487BB0400E983BE /* AppDelegate.swift */ = {isa = PBXFileReference; lastKnownFileType = sourcecode.swift; path = AppDelegate.swift; sourceTree = "<group>"; };
		38F011682487BB0400E983BE /* SceneDelegate.swift */ = {isa = PBXFileReference; lastKnownFileType = sourcecode.swift; path = SceneDelegate.swift; sourceTree = "<group>"; };
		38F0116C2487BB0900E983BE /* Assets.xcassets */ = {isa = PBXFileReference; lastKnownFileType = folder.assetcatalog; path = Assets.xcassets; sourceTree = "<group>"; };
		38F0116F2487BB0900E983BE /* Preview Assets.xcassets */ = {isa = PBXFileReference; lastKnownFileType = folder.assetcatalog; path = "Preview Assets.xcassets"; sourceTree = "<group>"; };
		38F011722487BB0900E983BE /* Base */ = {isa = PBXFileReference; lastKnownFileType = file.storyboard; name = Base; path = Base.lproj/LaunchScreen.storyboard; sourceTree = "<group>"; };
		38F011742487BB0900E983BE /* Info.plist */ = {isa = PBXFileReference; lastKnownFileType = text.plist.xml; path = Info.plist; sourceTree = "<group>"; };
		38F0117C2487BB3700E983BE /* Grid.swift */ = {isa = PBXFileReference; lastKnownFileType = sourcecode.swift; path = Grid.swift; sourceTree = SOURCE_ROOT; };
		38F0117E2487BB5500E983BE /* GridLayout.swift */ = {isa = PBXFileReference; lastKnownFileType = sourcecode.swift; path = GridLayout.swift; sourceTree = "<group>"; };
		38F011802487BB8F00E983BE /* Model.swift */ = {isa = PBXFileReference; lastKnownFileType = sourcecode.swift; path = Model.swift; sourceTree = "<group>"; };
		38F011822487BBA500E983BE /* ViewModel.swift */ = {isa = PBXFileReference; lastKnownFileType = sourcecode.swift; path = ViewModel.swift; sourceTree = "<group>"; };
		38F011842487BBC100E983BE /* Array+Only.swift */ = {isa = PBXFileReference; lastKnownFileType = sourcecode.swift; path = "Array+Only.swift"; sourceTree = "<group>"; };
		38F011862487BBDB00E983BE /* Array+Identifiable.swift */ = {isa = PBXFileReference; lastKnownFileType = sourcecode.swift; path = "Array+Identifiable.swift"; sourceTree = SOURCE_ROOT; };
		38F011882487BCC700E983BE /* GameView.swift */ = {isa = PBXFileReference; lastKnownFileType = sourcecode.swift; path = GameView.swift; sourceTree = SOURCE_ROOT; };
/* End PBXFileReference section */

/* Begin PBXFrameworksBuildPhase section */
		38F011602487BB0400E983BE /* Frameworks */ = {
			isa = PBXFrameworksBuildPhase;
			buildActionMask = 2147483647;
			files = (
			);
			runOnlyForDeploymentPostprocessing = 0;
		};
/* End PBXFrameworksBuildPhase section */

/* Begin PBXGroup section */
		38F0115A2487BB0400E983BE = {
			isa = PBXGroup;
			children = (
				38F011652487BB0400E983BE /* emojimatcher */,
				38F011642487BB0400E983BE /* Products */,
			);
			sourceTree = "<group>";
		};
		38F011642487BB0400E983BE /* Products */ = {
			isa = PBXGroup;
			children = (
				38F011632487BB0400E983BE /* emojimatcher.app */,
			);
			name = Products;
			sourceTree = "<group>";
		};
		38F011652487BB0400E983BE /* emojimatcher */ = {
			isa = PBXGroup;
			children = (
				38F011882487BCC700E983BE /* GameView.swift */,
				38F011862487BBDB00E983BE /* Array+Identifiable.swift */,
				38F0117C2487BB3700E983BE /* Grid.swift */,
				38F0117E2487BB5500E983BE /* GridLayout.swift */,
				38F011662487BB0400E983BE /* AppDelegate.swift */,
				38F011682487BB0400E983BE /* SceneDelegate.swift */,
				38F011802487BB8F00E983BE /* Model.swift */,
				38F011822487BBA500E983BE /* ViewModel.swift */,
				38F011842487BBC100E983BE /* Array+Only.swift */,
				38F0116C2487BB0900E983BE /* Assets.xcassets */,
				38F011712487BB0900E983BE /* LaunchScreen.storyboard */,
				38F011742487BB0900E983BE /* Info.plist */,
				38F0116E2487BB0900E983BE /* Preview Content */,
			);
			path = emojimatcher;
			sourceTree = "<group>";
		};
		38F0116E2487BB0900E983BE /* Preview Content */ = {
			isa = PBXGroup;
			children = (
				38F0116F2487BB0900E983BE /* Preview Assets.xcassets */,
			);
			path = "Preview Content";
			sourceTree = "<group>";
		};
/* End PBXGroup section */

/* Begin PBXNativeTarget section */
		38F011622487BB0400E983BE /* emojimatcher */ = {
			isa = PBXNativeTarget;
			buildConfigurationList = 38F011772487BB0900E983BE /* Build configuration list for PBXNativeTarget "emojimatcher" */;
			buildPhases = (
				38F0115F2487BB0400E983BE /* Sources */,
				38F011602487BB0400E983BE /* Frameworks */,
				38F011612487BB0400E983BE /* Resources */,
			);
			buildRules = (
			);
			dependencies = (
			);
			name = emojimatcher;
			productName = emojimatcher;
			productReference = 38F011632487BB0400E983BE /* emojimatcher.app */;
			productType = "com.apple.product-type.application";
		};
/* End PBXNativeTarget section */

/* Begin PBXProject section */
		38F0115B2487BB0400E983BE /* Project object */ = {
			isa = PBXProject;
			attributes = {
				LastSwiftUpdateCheck = 1150;
				LastUpgradeCheck = 1150;
				ORGANIZATIONNAME = "shreyas gupta";
				TargetAttributes = {
					38F011622487BB0400E983BE = {
						CreatedOnToolsVersion = 11.5;
					};
				};
			};
			buildConfigurationList = 38F0115E2487BB0400E983BE /* Build configuration list for PBXProject "emojimatcher" */;
			compatibilityVersion = "Xcode 9.3";
			developmentRegion = en;
			hasScannedForEncodings = 0;
			knownRegions = (
				en,
				Base,
			);
			mainGroup = 38F0115A2487BB0400E983BE;
			productRefGroup = 38F011642487BB0400E983BE /* Products */;
			projectDirPath = "";
			projectRoot = "";
			targets = (
				38F011622487BB0400E983BE /* emojimatcher */,
			);
		};
/* End PBXProject section */

/* Begin PBXResourcesBuildPhase section */
		38F011612487BB0400E983BE /* Resources */ = {
			isa = PBXResourcesBuildPhase;
			buildActionMask = 2147483647;
			files = (
				38F011732487BB0900E983BE /* LaunchScreen.storyboard in Resources */,
				38F011702487BB0900E983BE /* Preview Assets.xcassets in Resources */,
				38F0116D2487BB0900E983BE /* Assets.xcassets in Resources */,
			);
			runOnlyForDeploymentPostprocessing = 0;
		};
/* End PBXResourcesBuildPhase section */

/* Begin PBXSourcesBuildPhase section */
		38F0115F2487BB0400E983BE /* Sources */ = {
			isa = PBXSourcesBuildPhase;
			buildActionMask = 2147483647;
			files = (
				38F011672487BB0400E983BE /* AppDelegate.swift in Sources */,
				38F011692487BB0400E983BE /* SceneDelegate.swift in Sources */,
				38F0117F2487BB5500E983BE /* GridLayout.swift in Sources */,
				38F011812487BB8F00E983BE /* Model.swift in Sources */,
				38F011892487BCC700E983BE /* GameView.swift in Sources */,
				38F011872487BBDB00E983BE /* Array+Identifiable.swift in Sources */,
				38F0117D2487BB3700E983BE /* Grid.swift in Sources */,
				38F011832487BBA500E983BE /* ViewModel.swift in Sources */,
				38F011852487BBC100E983BE /* Array+Only.swift in Sources */,
			);
			runOnlyForDeploymentPostprocessing = 0;
		};
/* End PBXSourcesBuildPhase section */

/* Begin PBXVariantGroup section */
		38F011712487BB0900E983BE /* LaunchScreen.storyboard */ = {
			isa = PBXVariantGroup;
			children = (
				38F011722487BB0900E983BE /* Base */,
			);
			name = LaunchScreen.storyboard;
			sourceTree = "<group>";
		};
/* End PBXVariantGroup section */

/* Begin XCBuildConfiguration section */
		38F011752487BB0900E983BE /* Debug */ = {
			isa = XCBuildConfiguration;
			buildSettings = {
				ALWAYS_SEARCH_USER_PATHS = NO;
				CLANG_ANALYZER_NONNULL = YES;
				CLANG_ANALYZER_NUMBER_OBJECT_CONVERSION = YES_AGGRESSIVE;
				CLANG_CXX_LANGUAGE_STANDARD = "gnu++14";
				CLANG_CXX_LIBRARY = "libc++";
				CLANG_ENABLE_MODULES = YES;
				CLANG_ENABLE_OBJC_ARC = YES;
				CLANG_ENABLE_OBJC_WEAK = YES;
				CLANG_WARN_BLOCK_CAPTURE_AUTORELEASING = YES;
				CLANG_WARN_BOOL_CONVERSION = YES;
				CLANG_WARN_COMMA = YES;
				CLANG_WARN_CONSTANT_CONVERSION = YES;
				CLANG_WARN_DEPRECATED_OBJC_IMPLEMENTATIONS = YES;
				CLANG_WARN_DIRECT_OBJC_ISA_USAGE = YES_ERROR;
				CLANG_WARN_DOCUMENTATION_COMMENTS = YES;
				CLANG_WARN_EMPTY_BODY = YES;
				CLANG_WARN_ENUM_CONVERSION = YES;
				CLANG_WARN_INFINITE_RECURSION = YES;
				CLANG_WARN_INT_CONVERSION = YES;
				CLANG_WARN_NON_LITERAL_NULL_CONVERSION = YES;
				CLANG_WARN_OBJC_IMPLICIT_RETAIN_SELF = YES;
				CLANG_WARN_OBJC_LITERAL_CONVERSION = YES;
				CLANG_WARN_OBJC_ROOT_CLASS = YES_ERROR;
				CLANG_WARN_RANGE_LOOP_ANALYSIS = YES;
				CLANG_WARN_STRICT_PROTOTYPES = YES;
				CLANG_WARN_SUSPICIOUS_MOVE = YES;
				CLANG_WARN_UNGUARDED_AVAILABILITY = YES_AGGRESSIVE;
				CLANG_WARN_UNREACHABLE_CODE = YES;
				CLANG_WARN__DUPLICATE_METHOD_MATCH = YES;
				COPY_PHASE_STRIP = NO;
				DEBUG_INFORMATION_FORMAT = dwarf;
				ENABLE_STRICT_OBJC_MSGSEND = YES;
				ENABLE_TESTABILITY = YES;
				GCC_C_LANGUAGE_STANDARD = gnu11;
				GCC_DYNAMIC_NO_PIC = NO;
				GCC_NO_COMMON_BLOCKS = YES;
				GCC_OPTIMIZATION_LEVEL = 0;
				GCC_PREPROCESSOR_DEFINITIONS = (
					"DEBUG=1",
					"$(inherited)",
				);
				GCC_WARN_64_TO_32_BIT_CONVERSION = YES;
				GCC_WARN_ABOUT_RETURN_TYPE = YES_ERROR;
				GCC_WARN_UNDECLARED_SELECTOR = YES;
				GCC_WARN_UNINITIALIZED_AUTOS = YES_AGGRESSIVE;
				GCC_WARN_UNUSED_FUNCTION = YES;
				GCC_WARN_UNUSED_VARIABLE = YES;
				IPHONEOS_DEPLOYMENT_TARGET = 13.5;
				MTL_ENABLE_DEBUG_INFO = INCLUDE_SOURCE;
				MTL_FAST_MATH = YES;
				ONLY_ACTIVE_ARCH = YES;
				SDKROOT = iphoneos;
				SWIFT_ACTIVE_COMPILATION_CONDITIONS = DEBUG;
				SWIFT_OPTIMIZATION_LEVEL = "-Onone";
			};
			name = Debug;
		};
		38F011762487BB0900E983BE /* Release */ = {
			isa = XCBuildConfiguration;
			buildSettings = {
				ALWAYS_SEARCH_USER_PATHS = NO;
				CLANG_ANALYZER_NONNULL = YES;
				CLANG_ANALYZER_NUMBER_OBJECT_CONVERSION = YES_AGGRESSIVE;
				CLANG_CXX_LANGUAGE_STANDARD = "gnu++14";
				CLANG_CXX_LIBRARY = "libc++";
				CLANG_ENABLE_MODULES = YES;
				CLANG_ENABLE_OBJC_ARC = YES;
				CLANG_ENABLE_OBJC_WEAK = YES;
				CLANG_WARN_BLOCK_CAPTURE_AUTORELEASING = YES;
				CLANG_WARN_BOOL_CONVERSION = YES;
				CLANG_WARN_COMMA = YES;
				CLANG_WARN_CONSTANT_CONVERSION = YES;
				CLANG_WARN_DEPRECATED_OBJC_IMPLEMENTATIONS = YES;
				CLANG_WARN_DIRECT_OBJC_ISA_USAGE = YES_ERROR;
				CLANG_WARN_DOCUMENTATION_COMMENTS = YES;
				CLANG_WARN_EMPTY_BODY = YES;
				CLANG_WARN_ENUM_CONVERSION = YES;
				CLANG_WARN_INFINITE_RECURSION = YES;
				CLANG_WARN_INT_CONVERSION = YES;
				CLANG_WARN_NON_LITERAL_NULL_CONVERSION = YES;
				CLANG_WARN_OBJC_IMPLICIT_RETAIN_SELF = YES;
				CLANG_WARN_OBJC_LITERAL_CONVERSION = YES;
				CLANG_WARN_OBJC_ROOT_CLASS = YES_ERROR;
				CLANG_WARN_RANGE_LOOP_ANALYSIS = YES;
				CLANG_WARN_STRICT_PROTOTYPES = YES;
				CLANG_WARN_SUSPICIOUS_MOVE = YES;
				CLANG_WARN_UNGUARDED_AVAILABILITY = YES_AGGRESSIVE;
				CLANG_WARN_UNREACHABLE_CODE = YES;
				CLANG_WARN__DUPLICATE_METHOD_MATCH = YES;
				COPY_PHASE_STRIP = NO;
				DEBUG_INFORMATION_FORMAT = "dwarf-with-dsym";
				ENABLE_NS_ASSERTIONS = NO;
				ENABLE_STRICT_OBJC_MSGSEND = YES;
				GCC_C_LANGUAGE_STANDARD = gnu11;
				GCC_NO_COMMON_BLOCKS = YES;
				GCC_WARN_64_TO_32_BIT_CONVERSION = YES;
				GCC_WARN_ABOUT_RETURN_TYPE = YES_ERROR;
				GCC_WARN_UNDECLARED_SELECTOR = YES;
				GCC_WARN_UNINITIALIZED_AUTOS = YES_AGGRESSIVE;
				GCC_WARN_UNUSED_FUNCTION = YES;
				GCC_WARN_UNUSED_VARIABLE = YES;
				IPHONEOS_DEPLOYMENT_TARGET = 13.5;
				MTL_ENABLE_DEBUG_INFO = NO;
				MTL_FAST_MATH = YES;
				SDKROOT = iphoneos;
				SWIFT_COMPILATION_MODE = wholemodule;
				SWIFT_OPTIMIZATION_LEVEL = "-O";
				VALIDATE_PRODUCT = YES;
			};
			name = Release;
		};
		38F011782487BB0900E983BE /* Debug */ = {
			isa = XCBuildConfiguration;
			buildSettings = {
				ASSETCATALOG_COMPILER_APPICON_NAME = AppIcon;
				CODE_SIGN_STYLE = Automatic;
				DEVELOPMENT_ASSET_PATHS = "\"emojimatcher/Preview Content\"";
				DEVELOPMENT_TEAM = M8Z34S4T39;
				ENABLE_PREVIEWS = YES;
				INFOPLIST_FILE = emojimatcher/Info.plist;
				LD_RUNPATH_SEARCH_PATHS = (
					"$(inherited)",
					"@executable_path/Frameworks",
				);
				PRODUCT_BUNDLE_IDENTIFIER = shreyasgupta.emojimatcher;
				PRODUCT_NAME = "$(TARGET_NAME)";
				SWIFT_VERSION = 5.0;
				TARGETED_DEVICE_FAMILY = "1,2";
			};
			name = Debug;
		};
		38F011792487BB0900E983BE /* Release */ = {
			isa = XCBuildConfiguration;
			buildSettings = {
				ASSETCATALOG_COMPILER_APPICON_NAME = AppIcon;
				CODE_SIGN_STYLE = Automatic;
				DEVELOPMENT_ASSET_PATHS = "\"emojimatcher/Preview Content\"";
				DEVELOPMENT_TEAM = M8Z34S4T39;
				ENABLE_PREVIEWS = YES;
				INFOPLIST_FILE = emojimatcher/Info.plist;
				LD_RUNPATH_SEARCH_PATHS = (
					"$(inherited)",
					"@executable_path/Frameworks",
				);
				PRODUCT_BUNDLE_IDENTIFIER = shreyasgupta.emojimatcher;
				PRODUCT_NAME = "$(TARGET_NAME)";
				SWIFT_VERSION = 5.0;
				TARGETED_DEVICE_FAMILY = "1,2";
			};
			name = Release;
		};
/* End XCBuildConfiguration section */

/* Begin XCConfigurationList section */
		38F0115E2487BB0400E983BE /* Build configuration list for PBXProject "emojimatcher" */ = {
			isa = XCConfigurationList;
			buildConfigurations = (
				38F011752487BB0900E983BE /* Debug */,
				38F011762487BB0900E983BE /* Release */,
			);
			defaultConfigurationIsVisible = 0;
			defaultConfigurationName = Release;
		};
		38F011772487BB0900E983BE /* Build configuration list for PBXNativeTarget "emojimatcher" */ = {
			isa = XCConfigurationList;
			buildConfigurations = (
				38F011782487BB0900E983BE /* Debug */,
				38F011792487BB0900E983BE /* Release */,
			);
			defaultConfigurationIsVisible = 0;
			defaultConfigurationName = Release;
		};
/* End XCConfigurationList section */
	};
	rootObject = 38F0115B2487BB0400E983BE /* Project object */;
}
